// !$*UTF8*$!
{
	archiveVersion = 1;
	classes = {
	};
	objectVersion = 56;
	objects = {

/* Begin PBXBuildFile section */
		5FB96948293F8DDF0058DD9F /* RestartApp.swift in Sources */ = {isa = PBXBuildFile; fileRef = 5FB96947293F8DDF0058DD9F /* RestartApp.swift */; };
		5FB9694C293F8DE10058DD9F /* Assets.xcassets in Resources */ = {isa = PBXBuildFile; fileRef = 5FB9694B293F8DE10058DD9F /* Assets.xcassets */; };
		5FB9694F293F8DE10058DD9F /* Preview Assets.xcassets in Resources */ = {isa = PBXBuildFile; fileRef = 5FB9694E293F8DE10058DD9F /* Preview Assets.xcassets */; };
		5FB96957293F8F0F0058DD9F /* chimeup.mp3 in Resources */ = {isa = PBXBuildFile; fileRef = 5FB96955293F8F0F0058DD9F /* chimeup.mp3 */; };
		5FB96958293F8F0F0058DD9F /* success.m4a in Resources */ = {isa = PBXBuildFile; fileRef = 5FB96956293F8F0F0058DD9F /* success.m4a */; };
		5FB9695E293F91700058DD9F /* ContentView.swift in Sources */ = {isa = PBXBuildFile; fileRef = 5FB96949293F8DDF0058DD9F /* ContentView.swift */; };
		5FB96961293F93E70058DD9F /* OnboardingView.swift in Sources */ = {isa = PBXBuildFile; fileRef = 5FB96960293F93E70058DD9F /* OnboardingView.swift */; };
		5FB96963293F93F40058DD9F /* HomeView.swift in Sources */ = {isa = PBXBuildFile; fileRef = 5FB96962293F93F40058DD9F /* HomeView.swift */; };
		5FB96965293FBE730058DD9F /* CircleGroupView.swift in Sources */ = {isa = PBXBuildFile; fileRef = 5FB96964293FBE730058DD9F /* CircleGroupView.swift */; };
		5FB96967293FF7A80058DD9F /* AudioPlayer.swift in Sources */ = {isa = PBXBuildFile; fileRef = 5FB96966293FF7A80058DD9F /* AudioPlayer.swift */; };
/* End PBXBuildFile section */

/* Begin PBXFileReference section */
		5FB96944293F8DDF0058DD9F /* Restart.app */ = {isa = PBXFileReference; explicitFileType = wrapper.application; includeInIndex = 0; path = Restart.app; sourceTree = BUILT_PRODUCTS_DIR; };
		5FB96947293F8DDF0058DD9F /* RestartApp.swift */ = {isa = PBXFileReference; lastKnownFileType = sourcecode.swift; path = RestartApp.swift; sourceTree = "<group>"; };
		5FB96949293F8DDF0058DD9F /* ContentView.swift */ = {isa = PBXFileReference; lastKnownFileType = sourcecode.swift; path = ContentView.swift; sourceTree = "<group>"; };
		5FB9694B293F8DE10058DD9F /* Assets.xcassets */ = {isa = PBXFileReference; lastKnownFileType = folder.assetcatalog; path = Assets.xcassets; sourceTree = "<group>"; };
		5FB9694E293F8DE10058DD9F /* Preview Assets.xcassets */ = {isa = PBXFileReference; lastKnownFileType = folder.assetcatalog; path = "Preview Assets.xcassets"; sourceTree = "<group>"; };
		5FB96955293F8F0F0058DD9F /* chimeup.mp3 */ = {isa = PBXFileReference; lastKnownFileType = audio.mp3; path = chimeup.mp3; sourceTree = "<group>"; };
		5FB96956293F8F0F0058DD9F /* success.m4a */ = {isa = PBXFileReference; lastKnownFileType = file; path = success.m4a; sourceTree = "<group>"; };
		5FB9695F293F93470058DD9F /* Info.plist */ = {isa = PBXFileReference; lastKnownFileType = text.plist; path = Info.plist; sourceTree = "<group>"; };
		5FB96960293F93E70058DD9F /* OnboardingView.swift */ = {isa = PBXFileReference; lastKnownFileType = sourcecode.swift; path = OnboardingView.swift; sourceTree = "<group>"; };
		5FB96962293F93F40058DD9F /* HomeView.swift */ = {isa = PBXFileReference; lastKnownFileType = sourcecode.swift; path = HomeView.swift; sourceTree = "<group>"; };
		5FB96964293FBE730058DD9F /* CircleGroupView.swift */ = {isa = PBXFileReference; lastKnownFileType = sourcecode.swift; path = CircleGroupView.swift; sourceTree = "<group>"; };
		5FB96966293FF7A80058DD9F /* AudioPlayer.swift */ = {isa = PBXFileReference; lastKnownFileType = sourcecode.swift; path = AudioPlayer.swift; sourceTree = "<group>"; };
/* End PBXFileReference section */

/* Begin PBXFrameworksBuildPhase section */
		5FB96941293F8DDF0058DD9F /* Frameworks */ = {
			isa = PBXFrameworksBuildPhase;
			buildActionMask = 2147483647;
			files = (
			);
			runOnlyForDeploymentPostprocessing = 0;
		};
/* End PBXFrameworksBuildPhase section */

/* Begin PBXGroup section */
		5FB9693B293F8DDF0058DD9F = {
			isa = PBXGroup;
			children = (
				5FB96946293F8DDF0058DD9F /* Restart */,
				5FB96945293F8DDF0058DD9F /* Products */,
			);
			sourceTree = "<group>";
		};
		5FB96945293F8DDF0058DD9F /* Products */ = {
			isa = PBXGroup;
			children = (
				5FB96944293F8DDF0058DD9F /* Restart.app */,
			);
			name = Products;
			sourceTree = "<group>";
		};
		5FB96946293F8DDF0058DD9F /* Restart */ = {
			isa = PBXGroup;
			children = (
				5FB9695F293F93470058DD9F /* Info.plist */,
				5FB9695D293F90A40058DD9F /* Utilities */,
				5FB9695C293F908D0058DD9F /* Views */,
				5FB9695A293F8F310058DD9F /* Sounds */,
				5FB96947293F8DDF0058DD9F /* RestartApp.swift */,
				5FB9695B293F90810058DD9F /* Screens */,
				5FB9694B293F8DE10058DD9F /* Assets.xcassets */,
				5FB9694D293F8DE10058DD9F /* Preview Content */,
			);
			path = Restart;
			sourceTree = "<group>";
		};
		5FB9694D293F8DE10058DD9F /* Preview Content */ = {
			isa = PBXGroup;
			children = (
				5FB9694E293F8DE10058DD9F /* Preview Assets.xcassets */,
			);
			path = "Preview Content";
			sourceTree = "<group>";
		};
		5FB9695A293F8F310058DD9F /* Sounds */ = {
			isa = PBXGroup;
			children = (
				5FB96955293F8F0F0058DD9F /* chimeup.mp3 */,
				5FB96956293F8F0F0058DD9F /* success.m4a */,
			);
			path = Sounds;
			sourceTree = "<group>";
		};
		5FB9695B293F90810058DD9F /* Screens */ = {
			isa = PBXGroup;
			children = (
				5FB96949293F8DDF0058DD9F /* ContentView.swift */,
				5FB96960293F93E70058DD9F /* OnboardingView.swift */,
				5FB96962293F93F40058DD9F /* HomeView.swift */,
			);
			path = Screens;
			sourceTree = "<group>";
		};
		5FB9695C293F908D0058DD9F /* Views */ = {
			isa = PBXGroup;
			children = (
				5FB96964293FBE730058DD9F /* CircleGroupView.swift */,
			);
			path = Views;
			sourceTree = "<group>";
		};
		5FB9695D293F90A40058DD9F /* Utilities */ = {
			isa = PBXGroup;
			children = (
				5FB96966293FF7A80058DD9F /* AudioPlayer.swift */,
			);
			path = Utilities;
			sourceTree = "<group>";
		};
/* End PBXGroup section */

/* Begin PBXNativeTarget section */
		5FB96943293F8DDF0058DD9F /* Restart */ = {
			isa = PBXNativeTarget;
			buildConfigurationList = 5FB96952293F8DE10058DD9F /* Build configuration list for PBXNativeTarget "Restart" */;
			buildPhases = (
				5FB96940293F8DDF0058DD9F /* Sources */,
				5FB96941293F8DDF0058DD9F /* Frameworks */,
				5FB96942293F8DDF0058DD9F /* Resources */,
			);
			buildRules = (
			);
			dependencies = (
			);
			name = Restart;
			productName = Restart;
			productReference = 5FB96944293F8DDF0058DD9F /* Restart.app */;
			productType = "com.apple.product-type.application";
		};
/* End PBXNativeTarget section */

/* Begin PBXProject section */
		5FB9693C293F8DDF0058DD9F /* Project object */ = {
			isa = PBXProject;
			attributes = {
				BuildIndependentTargetsInParallel = 1;
				LastSwiftUpdateCheck = 1410;
				LastUpgradeCheck = 1410;
				TargetAttributes = {
					5FB96943293F8DDF0058DD9F = {
						CreatedOnToolsVersion = 14.1;
					};
				};
			};
			buildConfigurationList = 5FB9693F293F8DDF0058DD9F /* Build configuration list for PBXProject "Restart" */;
			compatibilityVersion = "Xcode 14.0";
			developmentRegion = en;
			hasScannedForEncodings = 0;
			knownRegions = (
				en,
				Base,
			);
			mainGroup = 5FB9693B293F8DDF0058DD9F;
			productRefGroup = 5FB96945293F8DDF0058DD9F /* Products */;
			projectDirPath = "";
			projectRoot = "";
			targets = (
				5FB96943293F8DDF0058DD9F /* Restart */,
			);
		};
/* End PBXProject section */

/* Begin PBXResourcesBuildPhase section */
		5FB96942293F8DDF0058DD9F /* Resources */ = {
			isa = PBXResourcesBuildPhase;
			buildActionMask = 2147483647;
			files = (
				5FB96958293F8F0F0058DD9F /* success.m4a in Resources */,
				5FB96957293F8F0F0058DD9F /* chimeup.mp3 in Resources */,
				5FB9694F293F8DE10058DD9F /* Preview Assets.xcassets in Resources */,
				5FB9694C293F8DE10058DD9F /* Assets.xcassets in Resources */,
			);
			runOnlyForDeploymentPostprocessing = 0;
		};
/* End PBXResourcesBuildPhase section */

/* Begin PBXSourcesBuildPhase section */
		5FB96940293F8DDF0058DD9F /* Sources */ = {
			isa = PBXSourcesBuildPhase;
			buildActionMask = 2147483647;
			files = (
				5FB96965293FBE730058DD9F /* CircleGroupView.swift in Sources */,
				5FB96961293F93E70058DD9F /* OnboardingView.swift in Sources */,
				5FB96963293F93F40058DD9F /* HomeView.swift in Sources */,
				5FB9695E293F91700058DD9F /* ContentView.swift in Sources */,
				5FB96948293F8DDF0058DD9F /* RestartApp.swift in Sources */,
				5FB96967293FF7A80058DD9F /* AudioPlayer.swift in Sources */,
			);
			runOnlyForDeploymentPostprocessing = 0;
		};
/* End PBXSourcesBuildPhase section */

/* Begin XCBuildConfiguration section */
		5FB96950293F8DE10058DD9F /* Debug */ = {
			isa = XCBuildConfiguration;
			buildSettings = {
				ALWAYS_SEARCH_USER_PATHS = NO;
				CLANG_ANALYZER_NONNULL = YES;
				CLANG_ANALYZER_NUMBER_OBJECT_CONVERSION = YES_AGGRESSIVE;
				CLANG_CXX_LANGUAGE_STANDARD = "gnu++20";
				CLANG_ENABLE_MODULES = YES;
				CLANG_ENABLE_OBJC_ARC = YES;
				CLANG_ENABLE_OBJC_WEAK = YES;
				CLANG_WARN_BLOCK_CAPTURE_AUTORELEASING = YES;
				CLANG_WARN_BOOL_CONVERSION = YES;
				CLANG_WARN_COMMA = YES;
				CLANG_WARN_CONSTANT_CONVERSION = YES;
				CLANG_WARN_DEPRECATED_OBJC_IMPLEMENTATIONS = YES;
				CLANG_WARN_DIRECT_OBJC_ISA_USAGE = YES_ERROR;
				CLANG_WARN_DOCUMENTATION_COMMENTS = YES;
				CLANG_WARN_EMPTY_BODY = YES;
				CLANG_WARN_ENUM_CONVERSION = YES;
				CLANG_WARN_INFINITE_RECURSION = YES;
				CLANG_WARN_INT_CONVERSION = YES;
				CLANG_WARN_NON_LITERAL_NULL_CONVERSION = YES;
				CLANG_WARN_OBJC_IMPLICIT_RETAIN_SELF = YES;
				CLANG_WARN_OBJC_LITERAL_CONVERSION = YES;
				CLANG_WARN_OBJC_ROOT_CLASS = YES_ERROR;
				CLANG_WARN_QUOTED_INCLUDE_IN_FRAMEWORK_HEADER = YES;
				CLANG_WARN_RANGE_LOOP_ANALYSIS = YES;
				CLANG_WARN_STRICT_PROTOTYPES = YES;
				CLANG_WARN_SUSPICIOUS_MOVE = YES;
				CLANG_WARN_UNGUARDED_AVAILABILITY = YES_AGGRESSIVE;
				CLANG_WARN_UNREACHABLE_CODE = YES;
				CLANG_WARN__DUPLICATE_METHOD_MATCH = YES;
				COPY_PHASE_STRIP = NO;
				DEBUG_INFORMATION_FORMAT = dwarf;
				ENABLE_STRICT_OBJC_MSGSEND = YES;
				ENABLE_TESTABILITY = YES;
				GCC_C_LANGUAGE_STANDARD = gnu11;
				GCC_DYNAMIC_NO_PIC = NO;
				GCC_NO_COMMON_BLOCKS = YES;
				GCC_OPTIMIZATION_LEVEL = 0;
				GCC_PREPROCESSOR_DEFINITIONS = (
					"DEBUG=1",
					"$(inherited)",
				);
				GCC_WARN_64_TO_32_BIT_CONVERSION = YES;
				GCC_WARN_ABOUT_RETURN_TYPE = YES_ERROR;
				GCC_WARN_UNDECLARED_SELECTOR = YES;
				GCC_WARN_UNINITIALIZED_AUTOS = YES_AGGRESSIVE;
				GCC_WARN_UNUSED_FUNCTION = YES;
				GCC_WARN_UNUSED_VARIABLE = YES;
				IPHONEOS_DEPLOYMENT_TARGET = 16.1;
				MTL_ENABLE_DEBUG_INFO = INCLUDE_SOURCE;
				MTL_FAST_MATH = YES;
				ONLY_ACTIVE_ARCH = YES;
				SDKROOT = iphoneos;
				SWIFT_ACTIVE_COMPILATION_CONDITIONS = DEBUG;
				SWIFT_OPTIMIZATION_LEVEL = "-Onone";
			};
			name = Debug;
		};
		5FB96951293F8DE10058DD9F /* Release */ = {
			isa = XCBuildConfiguration;
			buildSettings = {
				ALWAYS_SEARCH_USER_PATHS = NO;
				CLANG_ANALYZER_NONNULL = YES;
				CLANG_ANALYZER_NUMBER_OBJECT_CONVERSION = YES_AGGRESSIVE;
				CLANG_CXX_LANGUAGE_STANDARD = "gnu++20";
				CLANG_ENABLE_MODULES = YES;
				CLANG_ENABLE_OBJC_ARC = YES;
				CLANG_ENABLE_OBJC_WEAK = YES;
				CLANG_WARN_BLOCK_CAPTURE_AUTORELEASING = YES;
				CLANG_WARN_BOOL_CONVERSION = YES;
				CLANG_WARN_COMMA = YES;
				CLANG_WARN_CONSTANT_CONVERSION = YES;
				CLANG_WARN_DEPRECATED_OBJC_IMPLEMENTATIONS = YES;
				CLANG_WARN_DIRECT_OBJC_ISA_USAGE = YES_ERROR;
				CLANG_WARN_DOCUMENTATION_COMMENTS = YES;
				CLANG_WARN_EMPTY_BODY = YES;
				CLANG_WARN_ENUM_CONVERSION = YES;
				CLANG_WARN_INFINITE_RECURSION = YES;
				CLANG_WARN_INT_CONVERSION = YES;
				CLANG_WARN_NON_LITERAL_NULL_CONVERSION = YES;
				CLANG_WARN_OBJC_IMPLICIT_RETAIN_SELF = YES;
				CLANG_WARN_OBJC_LITERAL_CONVERSION = YES;
				CLANG_WARN_OBJC_ROOT_CLASS = YES_ERROR;
				CLANG_WARN_QUOTED_INCLUDE_IN_FRAMEWORK_HEADER = YES;
				CLANG_WARN_RANGE_LOOP_ANALYSIS = YES;
				CLANG_WARN_STRICT_PROTOTYPES = YES;
				CLANG_WARN_SUSPICIOUS_MOVE = YES;
				CLANG_WARN_UNGUARDED_AVAILABILITY = YES_AGGRESSIVE;
				CLANG_WARN_UNREACHABLE_CODE = YES;
				CLANG_WARN__DUPLICATE_METHOD_MATCH = YES;
				COPY_PHASE_STRIP = NO;
				DEBUG_INFORMATION_FORMAT = "dwarf-with-dsym";
				ENABLE_NS_ASSERTIONS = NO;
				ENABLE_STRICT_OBJC_MSGSEND = YES;
				GCC_C_LANGUAGE_STANDARD = gnu11;
				GCC_NO_COMMON_BLOCKS = YES;
				GCC_WARN_64_TO_32_BIT_CONVERSION = YES;
				GCC_WARN_ABOUT_RETURN_TYPE = YES_ERROR;
				GCC_WARN_UNDECLARED_SELECTOR = YES;
				GCC_WARN_UNINITIALIZED_AUTOS = YES_AGGRESSIVE;
				GCC_WARN_UNUSED_FUNCTION = YES;
				GCC_WARN_UNUSED_VARIABLE = YES;
				IPHONEOS_DEPLOYMENT_TARGET = 16.1;
				MTL_ENABLE_DEBUG_INFO = NO;
				MTL_FAST_MATH = YES;
				SDKROOT = iphoneos;
				SWIFT_COMPILATION_MODE = wholemodule;
				SWIFT_OPTIMIZATION_LEVEL = "-O";
				VALIDATE_PRODUCT = YES;
			};
			name = Release;
		};
		5FB96953293F8DE10058DD9F /* Debug */ = {
			isa = XCBuildConfiguration;
			buildSettings = {
				ASSETCATALOG_COMPILER_APPICON_NAME = AppIcon;
				ASSETCATALOG_COMPILER_GLOBAL_ACCENT_COLOR_NAME = AccentColor;
				CODE_SIGN_STYLE = Automatic;
				CURRENT_PROJECT_VERSION = 1;
				DEVELOPMENT_ASSET_PATHS = "\"Restart/Preview Content\"";
				DEVELOPMENT_TEAM = 2MSZ4R449H;
				ENABLE_PREVIEWS = YES;
				GENERATE_INFOPLIST_FILE = YES;
				INFOPLIST_FILE = Restart/Info.plist;
				INFOPLIST_KEY_UIApplicationSceneManifest_Generation = YES;
				INFOPLIST_KEY_UIApplicationSupportsIndirectInputEvents = YES;
				INFOPLIST_KEY_UISupportedInterfaceOrientations = UIInterfaceOrientationPortrait;
				IPHONEOS_DEPLOYMENT_TARGET = 15.0;
				LD_RUNPATH_SEARCH_PATHS = (
					"$(inherited)",
					"@executable_path/Frameworks",
				);
				MARKETING_VERSION = 1.0;
				PRODUCT_BUNDLE_IDENTIFIER = com.rastete.Restart;
				PRODUCT_NAME = "$(TARGET_NAME)";
				SWIFT_EMIT_LOC_STRINGS = YES;
				SWIFT_VERSION = 5.0;
				TARGETED_DEVICE_FAMILY = "1,2";
			};
			name = Debug;
		};
		5FB96954293F8DE10058DD9F /* Release */ = {
			isa = XCBuildConfiguration;
			buildSettings = {
				ASSETCATALOG_COMPILER_APPICON_NAME = AppIcon;
				ASSETCATALOG_COMPILER_GLOBAL_ACCENT_COLOR_NAME = AccentColor;
				CODE_SIGN_STYLE = Automatic;
				CURRENT_PROJECT_VERSION = 1;
				DEVELOPMENT_ASSET_PATHS = "\"Restart/Preview Content\"";
				DEVELOPMENT_TEAM = 2MSZ4R449H;
				ENABLE_PREVIEWS = YES;
				GENERATE_INFOPLIST_FILE = YES;
				INFOPLIST_FILE = Restart/Info.plist;
				INFOPLIST_KEY_UIApplicationSceneManifest_Generation = YES;
				INFOPLIST_KEY_UIApplicationSupportsIndirectInputEvents = YES;
				INFOPLIST_KEY_UISupportedInterfaceOrientations = UIInterfaceOrientationPortrait;
				IPHONEOS_DEPLOYMENT_TARGET = 15.0;
				LD_RUNPATH_SEARCH_PATHS = (
					"$(inherited)",
					"@executable_path/Frameworks",
				);
				MARKETING_VERSION = 1.0;
				PRODUCT_BUNDLE_IDENTIFIER = com.rastete.Restart;
				PRODUCT_NAME = "$(TARGET_NAME)";
				SWIFT_EMIT_LOC_STRINGS = YES;
				SWIFT_VERSION = 5.0;
				TARGETED_DEVICE_FAMILY = "1,2";
			};
			name = Release;
		};
/* End XCBuildConfiguration section */

/* Begin XCConfigurationList section */
		5FB9693F293F8DDF0058DD9F /* Build configuration list for PBXProject "Restart" */ = {
			isa = XCConfigurationList;
			buildConfigurations = (
				5FB96950293F8DE10058DD9F /* Debug */,
				5FB96951293F8DE10058DD9F /* Release */,
			);
			defaultConfigurationIsVisible = 0;
			defaultConfigurationName = Release;
		};
		5FB96952293F8DE10058DD9F /* Build configuration list for PBXNativeTarget "Restart" */ = {
			isa = XCConfigurationList;
			buildConfigurations = (
				5FB96953293F8DE10058DD9F /* Debug */,
				5FB96954293F8DE10058DD9F /* Release */,
			);
			defaultConfigurationIsVisible = 0;
			defaultConfigurationName = Release;
		};
/* End XCConfigurationList section */
	};
	rootObject = 5FB9693C293F8DDF0058DD9F /* Project object */;
}
